
Microsoft Visual Studio Solution File, Format Version 12.00
# Visual Studio Version 16
VisualStudioVersion = 16.0.30615.102
MinimumVisualStudioVersion = 10.0.40219.1
Project("{9A19103F-16F7-4668-BE54-9A1E7A4F7556}") = "IdentityServer", "IdentityServer\IdentityServer.csproj", "{BAC368FD-A1DD-4300-9F78-7A6391A68BD9}"
EndProject
Project("{9A19103F-16F7-4668-BE54-9A1E7A4F7556}") = "Test.API", "Test.API\Test.API.csproj", "{C07B8483-9B91-460B-8A8C-18956E4F247C}"
EndProject
Project("{9A19103F-16F7-4668-BE54-9A1E7A4F7556}") = "Test.MVC", "Test.MVC\Test.MVC.csproj", "{29217E4F-07A2-4E3C-9C2D-DF11F952D9CB}"
EndProject
Project("{FAE04EC0-301F-11D3-BF4B-00C04F79EFBC}") = "Test.Console", "Test.Console\Test.Console.csproj", "{1244D858-CF4D-4A09-BF08-0D103343178C}"
EndProject
Global
	GlobalSection(SolutionConfigurationPlatforms) = preSolution
		Debug|Any CPU = Debug|Any CPU
		Release|Any CPU = Release|Any CPU
	EndGlobalSection
	GlobalSection(ProjectConfigurationPlatforms) = postSolution
		{BAC368FD-A1DD-4300-9F78-7A6391A68BD9}.Debug|Any CPU.ActiveCfg = Debug|Any CPU
		{BAC368FD-A1DD-4300-9F78-7A6391A68BD9}.Debug|Any CPU.Build.0 = Debug|Any CPU
		{BAC368FD-A1DD-4300-9F78-7A6391A68BD9}.Release|Any CPU.ActiveCfg = Release|Any CPU
		{BAC368FD-A1DD-4300-9F78-7A6391A68BD9}.Release|Any CPU.Build.0 = Release|Any CPU
		{C07B8483-9B91-460B-8A8C-18956E4F247C}.Debug|Any CPU.ActiveCfg = Debug|Any CPU
		{C07B8483-9B91-460B-8A8C-18956E4F247C}.Debug|Any CPU.Build.0 = Debug|Any CPU
		{C07B8483-9B91-460B-8A8C-18956E4F247C}.Release|Any CPU.ActiveCfg = Release|Any CPU
		{C07B8483-9B91-460B-8A8C-18956E4F247C}.Release|Any CPU.Build.0 = Release|Any CPU
		{29217E4F-07A2-4E3C-9C2D-DF11F952D9CB}.Debug|Any CPU.ActiveCfg = Debug|Any CPU
		{29217E4F-07A2-4E3C-9C2D-DF11F952D9CB}.Debug|Any CPU.Build.0 = Debug|Any CPU
		{29217E4F-07A2-4E3C-9C2D-DF11F952D9CB}.Release|Any CPU.ActiveCfg = Release|Any CPU
		{29217E4F-07A2-4E3C-9C2D-DF11F952D9CB}.Release|Any CPU.Build.0 = Release|Any CPU
		{1244D858-CF4D-4A09-BF08-0D103343178C}.Debug|Any CPU.ActiveCfg = Debug|Any CPU
		{1244D858-CF4D-4A09-BF08-0D103343178C}.Debug|Any CPU.Build.0 = Debug|Any CPU
		{1244D858-CF4D-4A09-BF08-0D103343178C}.Release|Any CPU.ActiveCfg = Release|Any CPU
		{1244D858-CF4D-4A09-BF08-0D103343178C}.Release|Any CPU.Build.0 = Release|Any CPU
	EndGlobalSection
	GlobalSection(SolutionProperties) = preSolution
		HideSolutionNode = FALSE
	EndGlobalSection
	GlobalSection(ExtensibilityGlobals) = postSolution
		SolutionGuid = {6E87A0E6-2E4A-4365-803F-24B109B524ED}
	EndGlobalSection
EndGlobal
