{
  "requires": true,
  "lockfileVersion": 1,
  "dependencies": {
    "angular-oauth2-oidc": {
      "version": "10.0.3",
      "resolved": "https://registry.npmjs.org/angular-oauth2-oidc/-/angular-oauth2-oidc-10.0.3.tgz",
      "integrity": "sha512-9wC8I3e3cN6rMBOlo5JB2y3Fd2erp8pJ67t4vEVzyPbnRG6BJ4rreSOznSL9zw/2SjhC9kRV2OfFie29CUCzEg==",
      "requires": {
        "tslib": "^2.0.0"
      }
    },
    "tslib": {
      "version": "2.0.3",
      "resolved": "https://registry.npmjs.org/tslib/-/tslib-2.0.3.tgz",
      "integrity": "sha512-uZtkfKblCEQtZKBF6EBXVZeQNl82yqtDQdv+eck8u7tdPxjLu2/lp5/uPW+um2tpuxINHWy3GhiccY7QgEaVHQ=="
    }
  }
}
